# This file is automatically @generated by Poetry 1.7.1 and should not be changed by hand.

[[package]]
name = "anyio"
version = "4.2.0"
description = "High level compatibility layer for multiple asynchronous event loop implementations"
optional = false
python-versions = ">=3.8"
files = [
    {file = "anyio-4.2.0-py3-none-any.whl", hash = "sha256:745843b39e829e108e518c489b31dc757de7d2131d53fac32bd8df268227bfee"},
    {file = "anyio-4.2.0.tar.gz", hash = "sha256:e1875bb4b4e2de1669f4bc7869b6d3f54231cdced71605e6e64c9be77e3be50f"},
]

[package.dependencies]
exceptiongroup = {version = ">=1.0.2", markers = "python_version < \"3.11\""}
idna = ">=2.8"
sniffio = ">=1.1"
typing-extensions = {version = ">=4.1", markers = "python_version < \"3.11\""}

[package.extras]
doc = ["Sphinx (>=7)", "packaging", "sphinx-autodoc-typehints (>=1.2.0)", "sphinx-rtd-theme"]
test = ["anyio[trio]", "coverage[toml] (>=7)", "exceptiongroup (>=1.2.0)", "hypothesis (>=4.0)", "psutil (>=5.9)", "pytest (>=7.0)", "pytest-mock (>=3.6.1)", "trustme", "uvloop (>=0.17)"]
trio = ["trio (>=0.23)"]

[[package]]
name = "certifi"
version = "2023.11.17"
description = "Python package for providing Mozilla's CA Bundle."
optional = false
python-versions = ">=3.6"
files = [
    {file = "certifi-2023.11.17-py3-none-any.whl", hash = "sha256:e036ab49d5b79556f99cfc2d9320b34cfbe5be05c5871b51de9329f0603b0474"},
    {file = "certifi-2023.11.17.tar.gz", hash = "sha256:9b469f3a900bf28dc19b8cfbf8019bf47f7fdd1a65a1d4ffb98fc14166beb4d1"},
]

[[package]]
name = "exceptiongroup"
version = "1.2.0"
description = "Backport of PEP 654 (exception groups)"
optional = false
python-versions = ">=3.7"
files = [
    {file = "exceptiongroup-1.2.0-py3-none-any.whl", hash = "sha256:4bfd3996ac73b41e9b9628b04e079f193850720ea5945fc96a08633c66912f14"},
    {file = "exceptiongroup-1.2.0.tar.gz", hash = "sha256:91f5c769735f051a4290d52edd0858999b57e5876e9f85937691bd4c9fa3ed68"},
]

[package.extras]
test = ["pytest (>=6)"]

[[package]]
name = "h11"
version = "0.14.0"
description = "A pure-Python, bring-your-own-I/O implementation of HTTP/1.1"
optional = false
python-versions = ">=3.7"
files = [
    {file = "h11-0.14.0-py3-none-any.whl", hash = "sha256:e3fe4ac4b851c468cc8363d500db52c2ead036020723024a109d37346efaa761"},
    {file = "h11-0.14.0.tar.gz", hash = "sha256:8f19fbbe99e72420ff35c00b27a34cb9937e902a8b810e2c88300c6f0a3b699d"},
]

[[package]]
name = "httpcore"
version = "1.0.2"
description = "A minimal low-level HTTP client."
optional = false
python-versions = ">=3.8"
files = [
    {file = "httpcore-1.0.2-py3-none-any.whl", hash = "sha256:096cc05bca73b8e459a1fc3dcf585148f63e534eae4339559c9b8a8d6399acc7"},
    {file = "httpcore-1.0.2.tar.gz", hash = "sha256:9fc092e4799b26174648e54b74ed5f683132a464e95643b226e00c2ed2fa6535"},
]

[package.dependencies]
certifi = "*"
h11 = ">=0.13,<0.15"

[package.extras]
asyncio = ["anyio (>=4.0,<5.0)"]
http2 = ["h2 (>=3,<5)"]
socks = ["socksio (==1.*)"]
trio = ["trio (>=0.22.0,<0.23.0)"]

[[package]]
name = "httpx"
version = "0.26.0"
description = "The next generation HTTP client."
optional = false
python-versions = ">=3.8"
files = [
    {file = "httpx-0.26.0-py3-none-any.whl", hash = "sha256:8915f5a3627c4d47b73e8202457cb28f1266982d1159bd5779d86a80c0eab1cd"},
    {file = "httpx-0.26.0.tar.gz", hash = "sha256:451b55c30d5185ea6b23c2c793abf9bb237d2a7dfb901ced6ff69ad37ec1dfaf"},
]

[package.dependencies]
anyio = "*"
certifi = "*"
httpcore = "==1.*"
idna = "*"
sniffio = "*"

[package.extras]
brotli = ["brotli", "brotlicffi"]
cli = ["click (==8.*)", "pygments (==2.*)", "rich (>=10,<14)"]
http2 = ["h2 (>=3,<5)"]
socks = ["socksio (==1.*)"]

[[package]]
name = "idna"
version = "3.6"
description = "Internationalized Domain Names in Applications (IDNA)"
optional = false
python-versions = ">=3.5"
files = [
    {file = "idna-3.6-py3-none-any.whl", hash = "sha256:c05567e9c24a6b9faaa835c4821bad0590fbb9d5779e7caa6e1cc4978e7eb24f"},
    {file = "idna-3.6.tar.gz", hash = "sha256:9ecdbbd083b06798ae1e86adcbfe8ab1479cf864e4ee30fe4e46a003d12491ca"},
]

[[package]]
name = "sniffio"
version = "1.3.0"
description = "Sniff out which async library your code is running under"
optional = false
python-versions = ">=3.7"
files = [
    {file = "sniffio-1.3.0-py3-none-any.whl", hash = "sha256:eecefdce1e5bbfb7ad2eeaabf7c1eeb404d7757c379bd1f7e5cce9d8bf425384"},
    {file = "sniffio-1.3.0.tar.gz", hash = "sha256:e60305c5e5d314f5389259b7f22aaa33d8f7dee49763119234af3755c55b9101"},
]

[[package]]
name = "typing-extensions"
version = "4.9.0"
description = "Backported and Experimental Type Hints for Python 3.8+"
optional = false
python-versions = ">=3.8"
files = [
    {file = "typing_extensions-4.9.0-py3-none-any.whl", hash = "sha256:af72aea155e91adfc61c3ae9e0e342dbc0cba726d6cba4b6c72c1f34e47291cd"},
    {file = "typing_extensions-4.9.0.tar.gz", hash = "sha256:23478f88c37f27d76ac8aee6c905017a143b0b1b886c3c9f66bc2fd94f9f5783"},
]

[metadata]
lock-version = "2.0"
python-versions = "^3.8.3"
content-hash = "a04bf9a218460c9874fbce5fc262f531f33354483d3b0c1b0384a4a83cf555e7"
